
Microsoft Visual Studio Solution File, Format Version 12.00
# Visual Studio Version 17
VisualStudioVersion = 17.1.32210.238
MinimumVisualStudioVersion = 10.0.40219.1
Project("{FAE04EC0-301F-11D3-BF4B-00C04F79EFBC}") = "CityInfo.API", "CityInfo.API\CityInfo.API.csproj", "{0D4E2B8B-3EC6-4A63-BF57-DE08D9039C08}"
EndProject
Global
	GlobalSection(SolutionConfigurationPlatforms) = preSolution
		Debug|Any CPU = Debug|Any CPU
		Release|Any CPU = Release|Any CPU
	EndGlobalSection
	GlobalSection(ProjectConfigurationPlatforms) = postSolution
		{0D4E2B8B-3EC6-4A63-BF57-DE08D9039C08}.Debug|Any CPU.ActiveCfg = Debug|Any CPU
		{0D4E2B8B-3EC6-4A63-BF57-DE08D9039C08}.Debug|Any CPU.Build.0 = Debug|Any CPU
		{0D4E2B8B-3EC6-4A63-BF57-DE08D9039C08}.Release|Any CPU.ActiveCfg = Release|Any CPU
		{0D4E2B8B-3EC6-4A63-BF57-DE08D9039C08}.Release|Any CPU.Build.0 = Release|Any CPU
	EndGlobalSection
	GlobalSection(SolutionProperties) = preSolution
		HideSolutionNode = FALSE
	EndGlobalSection
	GlobalSection(ExtensibilityGlobals) = postSolution
		SolutionGuid = {BB61FC6B-829A-4B4A-9C44-3A03C01BB7CB}
	EndGlobalSection
EndGlobal
