
Microsoft Visual Studio Solution File, Format Version 12.00
# Visual Studio Version 16
VisualStudioVersion = 16.0.31019.35
MinimumVisualStudioVersion = 10.0.40219.1
Project("{FAE04EC0-301F-11D3-BF4B-00C04F79EFBC}") = "CityInfo.Api", "CityInfo.Api\CityInfo.Api.csproj", "{44D98A4D-CD30-4ED7-BADA-33B6F0A43B4B}"
EndProject
Global
	GlobalSection(SolutionConfigurationPlatforms) = preSolution
		Debug|Any CPU = Debug|Any CPU
		Release|Any CPU = Release|Any CPU
	EndGlobalSection
	GlobalSection(ProjectConfigurationPlatforms) = postSolution
		{44D98A4D-CD30-4ED7-BADA-33B6F0A43B4B}.Debug|Any CPU.ActiveCfg = Debug|Any CPU
		{44D98A4D-CD30-4ED7-BADA-33B6F0A43B4B}.Debug|Any CPU.Build.0 = Debug|Any CPU
		{44D98A4D-CD30-4ED7-BADA-33B6F0A43B4B}.Release|Any CPU.ActiveCfg = Release|Any CPU
		{44D98A4D-CD30-4ED7-BADA-33B6F0A43B4B}.Release|Any CPU.Build.0 = Release|Any CPU
	EndGlobalSection
	GlobalSection(SolutionProperties) = preSolution
		HideSolutionNode = FALSE
	EndGlobalSection
	GlobalSection(ExtensibilityGlobals) = postSolution
		SolutionGuid = {E5B75110-635A-45D5-9159-0E1FDF647135}
	EndGlobalSection
EndGlobal
